
Microsoft Visual Studio Solution File, Format Version 12.00
# Visual Studio Version 16
VisualStudioVersion = 16.0.29411.108
MinimumVisualStudioVersion = 10.0.40219.1
Project("{FAE04EC0-301F-11D3-BF4B-00C04F79EFBC}") = "BlazorMarkDownEditor", "BlazorMarkDownEditor.csproj", "{811C4D28-D60E-4B4F-8FDA-C6652BB80971}"
EndProject
Global
	GlobalSection(SolutionConfigurationPlatforms) = preSolution
		Debug|Any CPU = Debug|Any CPU
		Release|Any CPU = Release|Any CPU
	EndGlobalSection
	GlobalSection(ProjectConfigurationPlatforms) = postSolution
		{811C4D28-D60E-4B4F-8FDA-C6652BB80971}.Debug|Any CPU.ActiveCfg = Debug|Any CPU
		{811C4D28-D60E-4B4F-8FDA-C6652BB80971}.Debug|Any CPU.Build.0 = Debug|Any CPU
		{811C4D28-D60E-4B4F-8FDA-C6652BB80971}.Release|Any CPU.ActiveCfg = Release|Any CPU
		{811C4D28-D60E-4B4F-8FDA-C6652BB80971}.Release|Any CPU.Build.0 = Release|Any CPU
	EndGlobalSection
	GlobalSection(SolutionProperties) = preSolution
		HideSolutionNode = FALSE
	EndGlobalSection
	GlobalSection(ExtensibilityGlobals) = postSolution
		SolutionGuid = {A4685F94-99F7-4059-84A5-C7C58167B0AF}
	EndGlobalSection
EndGlobal
